
Microsoft Visual Studio Solution File, Format Version 12.00
# Visual Studio Version 16
VisualStudioVersion = 16.0.31624.102
MinimumVisualStudioVersion = 10.0.40219.1
Project("{FAE04EC0-301F-11D3-BF4B-00C04F79EFBC}") = "Notepad", "Notepad.csproj", "{2BE484CA-57FC-4AD1-84CB-9BBFF0B1E1EF}"
EndProject
Global
	GlobalSection(SolutionConfigurationPlatforms) = preSolution
		Debug|Any CPU = Debug|Any CPU
		Release|Any CPU = Release|Any CPU
	EndGlobalSection
	GlobalSection(ProjectConfigurationPlatforms) = postSolution
		{2BE484CA-57FC-4AD1-84CB-9BBFF0B1E1EF}.Debug|Any CPU.ActiveCfg = Debug|Any CPU
		{2BE484CA-57FC-4AD1-84CB-9BBFF0B1E1EF}.Debug|Any CPU.Build.0 = Debug|Any CPU
		{2BE484CA-57FC-4AD1-84CB-9BBFF0B1E1EF}.Release|Any CPU.ActiveCfg = Release|Any CPU
		{2BE484CA-57FC-4AD1-84CB-9BBFF0B1E1EF}.Release|Any CPU.Build.0 = Release|Any CPU
	EndGlobalSection
	GlobalSection(SolutionProperties) = preSolution
		HideSolutionNode = FALSE
	EndGlobalSection
	GlobalSection(ExtensibilityGlobals) = postSolution
		SolutionGuid = {28CC9EC9-0992-43B7-BFC5-A412C7DE13E6}
	EndGlobalSection
EndGlobal
